
Microsoft Visual Studio Solution File, Format Version 12.00
# Visual Studio Version 16
VisualStudioVersion = 16.0.31005.135
MinimumVisualStudioVersion = 10.0.40219.1
Project("{FAE04EC0-301F-11D3-BF4B-00C04F79EFBC}") = "Alexandru_Gorgan_Proiect", "Alexandru_Gorgan_Proiect.csproj", "{99B9FA07-67B7-4192-BAE1-37585FCA1548}"
EndProject
Global
	GlobalSection(SolutionConfigurationPlatforms) = preSolution
		Debug|Any CPU = Debug|Any CPU
		Release|Any CPU = Release|Any CPU
	EndGlobalSection
	GlobalSection(ProjectConfigurationPlatforms) = postSolution
		{99B9FA07-67B7-4192-BAE1-37585FCA1548}.Debug|Any CPU.ActiveCfg = Debug|Any CPU
		{99B9FA07-67B7-4192-BAE1-37585FCA1548}.Debug|Any CPU.Build.0 = Debug|Any CPU
		{99B9FA07-67B7-4192-BAE1-37585FCA1548}.Release|Any CPU.ActiveCfg = Release|Any CPU
		{99B9FA07-67B7-4192-BAE1-37585FCA1548}.Release|Any CPU.Build.0 = Release|Any CPU
	EndGlobalSection
	GlobalSection(SolutionProperties) = preSolution
		HideSolutionNode = FALSE
	EndGlobalSection
	GlobalSection(ExtensibilityGlobals) = postSolution
		SolutionGuid = {B92287F5-AE43-489C-9818-A1E990EF9214}
	EndGlobalSection
EndGlobal
